// !$*UTF8*$!
{
	archiveVersion = 1;
	classes = {
	};
	objectVersion = 52;
	objects = {

/* Begin PBXBuildFile section */
		DD5D32AC23A9547200B8E126 /* UIApplication.swift in Sources */ = {isa = PBXBuildFile; fileRef = DD5D32AB23A9547200B8E126 /* UIApplication.swift */; };
		DD5D32AE23A9580400B8E126 /* Poscast.swift in Sources */ = {isa = PBXBuildFile; fileRef = DD5D32AD23A9580400B8E126 /* Poscast.swift */; };
		DD678FF523919E3C00EAE117 /* CMTime.swift in Sources */ = {isa = PBXBuildFile; fileRef = DD678FF423919E3C00EAE117 /* CMTime.swift */; };
		DD678FFC2393D7EE00EAE117 /* PodcastPlayerView+AVKit.swift in Sources */ = {isa = PBXBuildFile; fileRef = DD678FFB2393D7EE00EAE117 /* PodcastPlayerView+AVKit.swift */; };
		DD678FFE2393D8B400EAE117 /* PoscastPlayerView+UI.swift in Sources */ = {isa = PBXBuildFile; fileRef = DD678FFD2393D8B400EAE117 /* PoscastPlayerView+UI.swift */; };
		DD67C6DD23A029AA00C1D3CF /* FavoritePodcastCell.swift in Sources */ = {isa = PBXBuildFile; fileRef = DD67C6DC23A029AA00C1D3CF /* FavoritePodcastCell.swift */; };
		DD958E41239001B200A369F7 /* EpisodesController.swift in Sources */ = {isa = PBXBuildFile; fileRef = DD958E40239001B200A369F7 /* EpisodesController.swift */; };
		DD958E43239005F900A369F7 /* Episodes.swift in Sources */ = {isa = PBXBuildFile; fileRef = DD958E42239005F900A369F7 /* Episodes.swift */; };
		DD958E4623900A7600A369F7 /* FeedKit in Frameworks */ = {isa = PBXBuildFile; productRef = DD958E4523900A7600A369F7 /* FeedKit */; };
		DD958E482390444D00A369F7 /* EpisodesCell.swift in Sources */ = {isa = PBXBuildFile; fileRef = DD958E472390444D00A369F7 /* EpisodesCell.swift */; };
		DD958E4E2390523100A369F7 /* RSSFeed.swift in Sources */ = {isa = PBXBuildFile; fileRef = DD958E4D2390523100A369F7 /* RSSFeed.swift */; };
		DD958E5023905AF500A369F7 /* PodcastPlayerView.swift in Sources */ = {isa = PBXBuildFile; fileRef = DD958E4F23905AF500A369F7 /* PodcastPlayerView.swift */; };
		DDA8E75723A824BE005BF1EC /* UserDefaults.swift in Sources */ = {isa = PBXBuildFile; fileRef = DDA8E75623A824BE005BF1EC /* UserDefaults.swift */; };
		DDA9CE77238AA63B006C3368 /* AppDelegate.swift in Sources */ = {isa = PBXBuildFile; fileRef = DDA9CE76238AA63B006C3368 /* AppDelegate.swift */; };
		DDA9CE7B238AA63B006C3368 /* ViewController.swift in Sources */ = {isa = PBXBuildFile; fileRef = DDA9CE7A238AA63B006C3368 /* ViewController.swift */; };
		DDA9CE7E238AA63B006C3368 /* Main.storyboard in Resources */ = {isa = PBXBuildFile; fileRef = DDA9CE7C238AA63B006C3368 /* Main.storyboard */; };
		DDA9CE80238AA640006C3368 /* Assets.xcassets in Resources */ = {isa = PBXBuildFile; fileRef = DDA9CE7F238AA640006C3368 /* Assets.xcassets */; };
		DDA9CE83238AA640006C3368 /* LaunchScreen.storyboard in Resources */ = {isa = PBXBuildFile; fileRef = DDA9CE81238AA640006C3368 /* LaunchScreen.storyboard */; };
		DDA9CE8B238AA773006C3368 /* MainTabBarController.swift in Sources */ = {isa = PBXBuildFile; fileRef = DDA9CE8A238AA773006C3368 /* MainTabBarController.swift */; };
		DDA9CE91238AC53B006C3368 /* SearchController.swift in Sources */ = {isa = PBXBuildFile; fileRef = DDA9CE90238AC53B006C3368 /* SearchController.swift */; };
		DDA9CE97238AFDE7006C3368 /* Alamofire in Frameworks */ = {isa = PBXBuildFile; productRef = DDA9CE96238AFDE7006C3368 /* Alamofire */; };
		DDA9CE99238B02FF006C3368 /* SearchResults.swift in Sources */ = {isa = PBXBuildFile; fileRef = DDA9CE98238B02FF006C3368 /* SearchResults.swift */; };
		DDA9CE9C238B1126006C3368 /* APIService.swift in Sources */ = {isa = PBXBuildFile; fileRef = DDA9CE9B238B1126006C3368 /* APIService.swift */; };
		DDA9CE9F238C37C7006C3368 /* PodcastCell.swift in Sources */ = {isa = PBXBuildFile; fileRef = DDA9CE9E238C37C7006C3368 /* PodcastCell.swift */; };
		DDA9CEA3238C5D89006C3368 /* SDWebImage in Frameworks */ = {isa = PBXBuildFile; productRef = DDA9CEA2238C5D89006C3368 /* SDWebImage */; };
		DDC55A9A239D8C0100829538 /* FavoritesController.swift in Sources */ = {isa = PBXBuildFile; fileRef = DDC55A99239D8C0100829538 /* FavoritesController.swift */; };
/* End PBXBuildFile section */

/* Begin PBXFileReference section */
		DD5D32AB23A9547200B8E126 /* UIApplication.swift */ = {isa = PBXFileReference; lastKnownFileType = sourcecode.swift; path = UIApplication.swift; sourceTree = "<group>"; };
		DD5D32AD23A9580400B8E126 /* Poscast.swift */ = {isa = PBXFileReference; lastKnownFileType = sourcecode.swift; path = Poscast.swift; sourceTree = "<group>"; };
		DD678FF423919E3C00EAE117 /* CMTime.swift */ = {isa = PBXFileReference; lastKnownFileType = sourcecode.swift; path = CMTime.swift; sourceTree = "<group>"; };
		DD678FFB2393D7EE00EAE117 /* PodcastPlayerView+AVKit.swift */ = {isa = PBXFileReference; lastKnownFileType = sourcecode.swift; path = "PodcastPlayerView+AVKit.swift"; sourceTree = "<group>"; };
		DD678FFD2393D8B400EAE117 /* PoscastPlayerView+UI.swift */ = {isa = PBXFileReference; lastKnownFileType = sourcecode.swift; path = "PoscastPlayerView+UI.swift"; sourceTree = "<group>"; };
		DD67C6DC23A029AA00C1D3CF /* FavoritePodcastCell.swift */ = {isa = PBXFileReference; lastKnownFileType = sourcecode.swift; path = FavoritePodcastCell.swift; sourceTree = "<group>"; };
		DD958E40239001B200A369F7 /* EpisodesController.swift */ = {isa = PBXFileReference; lastKnownFileType = sourcecode.swift; path = EpisodesController.swift; sourceTree = "<group>"; };
		DD958E42239005F900A369F7 /* Episodes.swift */ = {isa = PBXFileReference; lastKnownFileType = sourcecode.swift; path = Episodes.swift; sourceTree = "<group>"; };
		DD958E472390444D00A369F7 /* EpisodesCell.swift */ = {isa = PBXFileReference; lastKnownFileType = sourcecode.swift; path = EpisodesCell.swift; sourceTree = "<group>"; };
		DD958E4D2390523100A369F7 /* RSSFeed.swift */ = {isa = PBXFileReference; lastKnownFileType = sourcecode.swift; path = RSSFeed.swift; sourceTree = "<group>"; };
		DD958E4F23905AF500A369F7 /* PodcastPlayerView.swift */ = {isa = PBXFileReference; lastKnownFileType = sourcecode.swift; path = PodcastPlayerView.swift; sourceTree = "<group>"; };
		DDA8E75623A824BE005BF1EC /* UserDefaults.swift */ = {isa = PBXFileReference; lastKnownFileType = sourcecode.swift; path = UserDefaults.swift; sourceTree = "<group>"; };
		DDA9CE73238AA63B006C3368 /* PoscastShow.app */ = {isa = PBXFileReference; explicitFileType = wrapper.application; includeInIndex = 0; path = PoscastShow.app; sourceTree = BUILT_PRODUCTS_DIR; };
		DDA9CE76238AA63B006C3368 /* AppDelegate.swift */ = {isa = PBXFileReference; lastKnownFileType = sourcecode.swift; path = AppDelegate.swift; sourceTree = "<group>"; };
		DDA9CE7A238AA63B006C3368 /* ViewController.swift */ = {isa = PBXFileReference; lastKnownFileType = sourcecode.swift; path = ViewController.swift; sourceTree = "<group>"; };
		DDA9CE7D238AA63B006C3368 /* Base */ = {isa = PBXFileReference; lastKnownFileType = file.storyboard; name = Base; path = Base.lproj/Main.storyboard; sourceTree = "<group>"; };
		DDA9CE7F238AA640006C3368 /* Assets.xcassets */ = {isa = PBXFileReference; lastKnownFileType = folder.assetcatalog; path = Assets.xcassets; sourceTree = "<group>"; };
		DDA9CE82238AA640006C3368 /* Base */ = {isa = PBXFileReference; lastKnownFileType = file.storyboard; name = Base; path = Base.lproj/LaunchScreen.storyboard; sourceTree = "<group>"; };
		DDA9CE84238AA640006C3368 /* Info.plist */ = {isa = PBXFileReference; lastKnownFileType = text.plist.xml; path = Info.plist; sourceTree = "<group>"; };
		DDA9CE8A238AA773006C3368 /* MainTabBarController.swift */ = {isa = PBXFileReference; lastKnownFileType = sourcecode.swift; path = MainTabBarController.swift; sourceTree = "<group>"; };
		DDA9CE90238AC53B006C3368 /* SearchController.swift */ = {isa = PBXFileReference; lastKnownFileType = sourcecode.swift; path = SearchController.swift; sourceTree = "<group>"; };
		DDA9CE98238B02FF006C3368 /* SearchResults.swift */ = {isa = PBXFileReference; lastKnownFileType = sourcecode.swift; path = SearchResults.swift; sourceTree = "<group>"; };
		DDA9CE9B238B1126006C3368 /* APIService.swift */ = {isa = PBXFileReference; lastKnownFileType = sourcecode.swift; path = APIService.swift; sourceTree = "<group>"; };
		DDA9CE9E238C37C7006C3368 /* PodcastCell.swift */ = {isa = PBXFileReference; lastKnownFileType = sourcecode.swift; path = PodcastCell.swift; sourceTree = "<group>"; };
		DDC55A99239D8C0100829538 /* FavoritesController.swift */ = {isa = PBXFileReference; lastKnownFileType = sourcecode.swift; path = FavoritesController.swift; sourceTree = "<group>"; };
/* End PBXFileReference section */

/* Begin PBXFrameworksBuildPhase section */
		DDA9CE70238AA63B006C3368 /* Frameworks */ = {
			isa = PBXFrameworksBuildPhase;
			buildActionMask = 2147483647;
			files = (
				DD958E4623900A7600A369F7 /* FeedKit in Frameworks */,
				DDA9CEA3238C5D89006C3368 /* SDWebImage in Frameworks */,
				DDA9CE97238AFDE7006C3368 /* Alamofire in Frameworks */,
			);
			runOnlyForDeploymentPostprocessing = 0;
		};
/* End PBXFrameworksBuildPhase section */

/* Begin PBXGroup section */
		DD678FFA2393D7CA00EAE117 /* PodcastPlayer */ = {
			isa = PBXGroup;
			children = (
				DD958E4F23905AF500A369F7 /* PodcastPlayerView.swift */,
				DD678FFB2393D7EE00EAE117 /* PodcastPlayerView+AVKit.swift */,
				DD678FFD2393D8B400EAE117 /* PoscastPlayerView+UI.swift */,
			);
			path = PodcastPlayer;
			sourceTree = "<group>";
		};
		DD958E4C2390521C00A369F7 /* Extension */ = {
			isa = PBXGroup;
			children = (
				DD958E4D2390523100A369F7 /* RSSFeed.swift */,
				DD678FF423919E3C00EAE117 /* CMTime.swift */,
				DDA8E75623A824BE005BF1EC /* UserDefaults.swift */,
				DD5D32AB23A9547200B8E126 /* UIApplication.swift */,
			);
			path = Extension;
			sourceTree = "<group>";
		};
		DDA9CE6A238AA63B006C3368 = {
			isa = PBXGroup;
			children = (
				DDA9CE75238AA63B006C3368 /* PoscastShow */,
				DDA9CE74238AA63B006C3368 /* Products */,
			);
			sourceTree = "<group>";
		};
		DDA9CE74238AA63B006C3368 /* Products */ = {
			isa = PBXGroup;
			children = (
				DDA9CE73238AA63B006C3368 /* PoscastShow.app */,
			);
			name = Products;
			sourceTree = "<group>";
		};
		DDA9CE75238AA63B006C3368 /* PoscastShow */ = {
			isa = PBXGroup;
			children = (
				DD958E4C2390521C00A369F7 /* Extension */,
				DDA9CE9A238B1109006C3368 /* API */,
				DDA9CE92238AC60D006C3368 /* Models */,
				DDA9CE8D238AB30D006C3368 /* Controllers */,
				DDA9CE9D238C3789006C3368 /* Views */,
				DDA9CE8C238AABF7006C3368 /* Utility */,
				DDA9CE7A238AA63B006C3368 /* ViewController.swift */,
				DDA9CE7C238AA63B006C3368 /* Main.storyboard */,
				DDA9CE81238AA640006C3368 /* LaunchScreen.storyboard */,
			);
			path = PoscastShow;
			sourceTree = "<group>";
		};
		DDA9CE8C238AABF7006C3368 /* Utility */ = {
			isa = PBXGroup;
			children = (
				DDA9CE76238AA63B006C3368 /* AppDelegate.swift */,
				DDA9CE84238AA640006C3368 /* Info.plist */,
				DDA9CE7F238AA640006C3368 /* Assets.xcassets */,
			);
			path = Utility;
			sourceTree = "<group>";
		};
		DDA9CE8D238AB30D006C3368 /* Controllers */ = {
			isa = PBXGroup;
			children = (
				DDA9CE8A238AA773006C3368 /* MainTabBarController.swift */,
				DDA9CE90238AC53B006C3368 /* SearchController.swift */,
				DD958E40239001B200A369F7 /* EpisodesController.swift */,
				DDC55A99239D8C0100829538 /* FavoritesController.swift */,
			);
			path = Controllers;
			sourceTree = "<group>";
		};
		DDA9CE92238AC60D006C3368 /* Models */ = {
			isa = PBXGroup;
			children = (
				DDA9CE98238B02FF006C3368 /* SearchResults.swift */,
				DD958E42239005F900A369F7 /* Episodes.swift */,
				DD5D32AD23A9580400B8E126 /* Poscast.swift */,
			);
			path = Models;
			sourceTree = "<group>";
		};
		DDA9CE9A238B1109006C3368 /* API */ = {
			isa = PBXGroup;
			children = (
				DDA9CE9B238B1126006C3368 /* APIService.swift */,
			);
			path = API;
			sourceTree = "<group>";
		};
		DDA9CE9D238C3789006C3368 /* Views */ = {
			isa = PBXGroup;
			children = (
				DD678FFA2393D7CA00EAE117 /* PodcastPlayer */,
				DDA9CE9E238C37C7006C3368 /* PodcastCell.swift */,
				DD958E472390444D00A369F7 /* EpisodesCell.swift */,
				DD67C6DC23A029AA00C1D3CF /* FavoritePodcastCell.swift */,
			);
			path = Views;
			sourceTree = "<group>";
		};
/* End PBXGroup section */

/* Begin PBXNativeTarget section */
		DDA9CE72238AA63B006C3368 /* PoscastShow */ = {
			isa = PBXNativeTarget;
			buildConfigurationList = DDA9CE87238AA640006C3368 /* Build configuration list for PBXNativeTarget "PoscastShow" */;
			buildPhases = (
				DDA9CE6F238AA63B006C3368 /* Sources */,
				DDA9CE70238AA63B006C3368 /* Frameworks */,
				DDA9CE71238AA63B006C3368 /* Resources */,
			);
			buildRules = (
			);
			dependencies = (
			);
			name = PoscastShow;
			packageProductDependencies = (
				DDA9CE96238AFDE7006C3368 /* Alamofire */,
				DDA9CEA2238C5D89006C3368 /* SDWebImage */,
				DD958E4523900A7600A369F7 /* FeedKit */,
			);
			productName = PoscastShow;
			productReference = DDA9CE73238AA63B006C3368 /* PoscastShow.app */;
			productType = "com.apple.product-type.application";
		};
/* End PBXNativeTarget section */

/* Begin PBXProject section */
		DDA9CE6B238AA63B006C3368 /* Project object */ = {
			isa = PBXProject;
			attributes = {
				LastSwiftUpdateCheck = 1120;
				LastUpgradeCheck = 1120;
				ORGANIZATIONNAME = "Igor Tkach";
				TargetAttributes = {
					DDA9CE72238AA63B006C3368 = {
						CreatedOnToolsVersion = 11.2;
					};
				};
			};
			buildConfigurationList = DDA9CE6E238AA63B006C3368 /* Build configuration list for PBXProject "PoscastShow" */;
			compatibilityVersion = "Xcode 9.3";
			developmentRegion = en;
			hasScannedForEncodings = 0;
			knownRegions = (
				en,
				Base,
			);
			mainGroup = DDA9CE6A238AA63B006C3368;
			packageReferences = (
				DDA9CE95238AFDE7006C3368 /* XCRemoteSwiftPackageReference "Alamofire" */,
				DDA9CEA1238C5D89006C3368 /* XCRemoteSwiftPackageReference "SDWebImage" */,
				DD958E4423900A7600A369F7 /* XCRemoteSwiftPackageReference "FeedKit" */,
			);
			productRefGroup = DDA9CE74238AA63B006C3368 /* Products */;
			projectDirPath = "";
			projectRoot = "";
			targets = (
				DDA9CE72238AA63B006C3368 /* PoscastShow */,
			);
		};
/* End PBXProject section */

/* Begin PBXResourcesBuildPhase section */
		DDA9CE71238AA63B006C3368 /* Resources */ = {
			isa = PBXResourcesBuildPhase;
			buildActionMask = 2147483647;
			files = (
				DDA9CE83238AA640006C3368 /* LaunchScreen.storyboard in Resources */,
				DDA9CE80238AA640006C3368 /* Assets.xcassets in Resources */,
				DDA9CE7E238AA63B006C3368 /* Main.storyboard in Resources */,
			);
			runOnlyForDeploymentPostprocessing = 0;
		};
/* End PBXResourcesBuildPhase section */

/* Begin PBXSourcesBuildPhase section */
		DDA9CE6F238AA63B006C3368 /* Sources */ = {
			isa = PBXSourcesBuildPhase;
			buildActionMask = 2147483647;
			files = (
				DD678FFC2393D7EE00EAE117 /* PodcastPlayerView+AVKit.swift in Sources */,
				DD958E5023905AF500A369F7 /* PodcastPlayerView.swift in Sources */,
				DDA9CE9C238B1126006C3368 /* APIService.swift in Sources */,
				DDA9CE9F238C37C7006C3368 /* PodcastCell.swift in Sources */,
				DD678FFE2393D8B400EAE117 /* PoscastPlayerView+UI.swift in Sources */,
				DD5D32AE23A9580400B8E126 /* Poscast.swift in Sources */,
				DD958E4E2390523100A369F7 /* RSSFeed.swift in Sources */,
				DDA9CE7B238AA63B006C3368 /* ViewController.swift in Sources */,
				DD958E482390444D00A369F7 /* EpisodesCell.swift in Sources */,
				DD5D32AC23A9547200B8E126 /* UIApplication.swift in Sources */,
				DD678FF523919E3C00EAE117 /* CMTime.swift in Sources */,
				DD958E43239005F900A369F7 /* Episodes.swift in Sources */,
				DD958E41239001B200A369F7 /* EpisodesController.swift in Sources */,
				DDC55A9A239D8C0100829538 /* FavoritesController.swift in Sources */,
				DDA9CE77238AA63B006C3368 /* AppDelegate.swift in Sources */,
				DDA9CE8B238AA773006C3368 /* MainTabBarController.swift in Sources */,
				DDA8E75723A824BE005BF1EC /* UserDefaults.swift in Sources */,
				DDA9CE99238B02FF006C3368 /* SearchResults.swift in Sources */,
				DD67C6DD23A029AA00C1D3CF /* FavoritePodcastCell.swift in Sources */,
				DDA9CE91238AC53B006C3368 /* SearchController.swift in Sources */,
			);
			runOnlyForDeploymentPostprocessing = 0;
		};
/* End PBXSourcesBuildPhase section */

/* Begin PBXVariantGroup section */
		DDA9CE7C238AA63B006C3368 /* Main.storyboard */ = {
			isa = PBXVariantGroup;
			children = (
				DDA9CE7D238AA63B006C3368 /* Base */,
			);
			name = Main.storyboard;
			sourceTree = "<group>";
		};
		DDA9CE81238AA640006C3368 /* LaunchScreen.storyboard */ = {
			isa = PBXVariantGroup;
			children = (
				DDA9CE82238AA640006C3368 /* Base */,
			);
			name = LaunchScreen.storyboard;
			sourceTree = "<group>";
		};
/* End PBXVariantGroup section */

/* Begin XCBuildConfiguration section */
		DDA9CE85238AA640006C3368 /* Debug */ = {
			isa = XCBuildConfiguration;
			buildSettings = {
				ALWAYS_SEARCH_USER_PATHS = NO;
				CLANG_ANALYZER_NONNULL = YES;
				CLANG_ANALYZER_NUMBER_OBJECT_CONVERSION = YES_AGGRESSIVE;
				CLANG_CXX_LANGUAGE_STANDARD = "gnu++14";
				CLANG_CXX_LIBRARY = "libc++";
				CLANG_ENABLE_MODULES = YES;
				CLANG_ENABLE_OBJC_ARC = YES;
				CLANG_ENABLE_OBJC_WEAK = YES;
				CLANG_WARN_BLOCK_CAPTURE_AUTORELEASING = YES;
				CLANG_WARN_BOOL_CONVERSION = YES;
				CLANG_WARN_COMMA = YES;
				CLANG_WARN_CONSTANT_CONVERSION = YES;
				CLANG_WARN_DEPRECATED_OBJC_IMPLEMENTATIONS = YES;
				CLANG_WARN_DIRECT_OBJC_ISA_USAGE = YES_ERROR;
				CLANG_WARN_DOCUMENTATION_COMMENTS = YES;
				CLANG_WARN_EMPTY_BODY = YES;
				CLANG_WARN_ENUM_CONVERSION = YES;
				CLANG_WARN_INFINITE_RECURSION = YES;
				CLANG_WARN_INT_CONVERSION = YES;
				CLANG_WARN_NON_LITERAL_NULL_CONVERSION = YES;
				CLANG_WARN_OBJC_IMPLICIT_RETAIN_SELF = YES;
				CLANG_WARN_OBJC_LITERAL_CONVERSION = YES;
				CLANG_WARN_OBJC_ROOT_CLASS = YES_ERROR;
				CLANG_WARN_RANGE_LOOP_ANALYSIS = YES;
				CLANG_WARN_STRICT_PROTOTYPES = YES;
				CLANG_WARN_SUSPICIOUS_MOVE = YES;
				CLANG_WARN_UNGUARDED_AVAILABILITY = YES_AGGRESSIVE;
				CLANG_WARN_UNREACHABLE_CODE = YES;
				CLANG_WARN__DUPLICATE_METHOD_MATCH = YES;
				COPY_PHASE_STRIP = NO;
				DEBUG_INFORMATION_FORMAT = dwarf;
				ENABLE_STRICT_OBJC_MSGSEND = YES;
				ENABLE_TESTABILITY = YES;
				GCC_C_LANGUAGE_STANDARD = gnu11;
				GCC_DYNAMIC_NO_PIC = NO;
				GCC_NO_COMMON_BLOCKS = YES;
				GCC_OPTIMIZATION_LEVEL = 0;
				GCC_PREPROCESSOR_DEFINITIONS = (
					"DEBUG=1",
					"$(inherited)",
				);
				GCC_WARN_64_TO_32_BIT_CONVERSION = YES;
				GCC_WARN_ABOUT_RETURN_TYPE = YES_ERROR;
				GCC_WARN_UNDECLARED_SELECTOR = YES;
				GCC_WARN_UNINITIALIZED_AUTOS = YES_AGGRESSIVE;
				GCC_WARN_UNUSED_FUNCTION = YES;
				GCC_WARN_UNUSED_VARIABLE = YES;
				IPHONEOS_DEPLOYMENT_TARGET = 13.2;
				MTL_ENABLE_DEBUG_INFO = INCLUDE_SOURCE;
				MTL_FAST_MATH = YES;
				ONLY_ACTIVE_ARCH = YES;
				SDKROOT = iphoneos;
				SWIFT_ACTIVE_COMPILATION_CONDITIONS = DEBUG;
				SWIFT_OPTIMIZATION_LEVEL = "-Onone";
			};
			name = Debug;
		};
		DDA9CE86238AA640006C3368 /* Release */ = {
			isa = XCBuildConfiguration;
			buildSettings = {
				ALWAYS_SEARCH_USER_PATHS = NO;
				CLANG_ANALYZER_NONNULL = YES;
				CLANG_ANALYZER_NUMBER_OBJECT_CONVERSION = YES_AGGRESSIVE;
				CLANG_CXX_LANGUAGE_STANDARD = "gnu++14";
				CLANG_CXX_LIBRARY = "libc++";
				CLANG_ENABLE_MODULES = YES;
				CLANG_ENABLE_OBJC_ARC = YES;
				CLANG_ENABLE_OBJC_WEAK = YES;
				CLANG_WARN_BLOCK_CAPTURE_AUTORELEASING = YES;
				CLANG_WARN_BOOL_CONVERSION = YES;
				CLANG_WARN_COMMA = YES;
				CLANG_WARN_CONSTANT_CONVERSION = YES;
				CLANG_WARN_DEPRECATED_OBJC_IMPLEMENTATIONS = YES;
				CLANG_WARN_DIRECT_OBJC_ISA_USAGE = YES_ERROR;
				CLANG_WARN_DOCUMENTATION_COMMENTS = YES;
				CLANG_WARN_EMPTY_BODY = YES;
				CLANG_WARN_ENUM_CONVERSION = YES;
				CLANG_WARN_INFINITE_RECURSION = YES;
				CLANG_WARN_INT_CONVERSION = YES;
				CLANG_WARN_NON_LITERAL_NULL_CONVERSION = YES;
				CLANG_WARN_OBJC_IMPLICIT_RETAIN_SELF = YES;
				CLANG_WARN_OBJC_LITERAL_CONVERSION = YES;
				CLANG_WARN_OBJC_ROOT_CLASS = YES_ERROR;
				CLANG_WARN_RANGE_LOOP_ANALYSIS = YES;
				CLANG_WARN_STRICT_PROTOTYPES = YES;
				CLANG_WARN_SUSPICIOUS_MOVE = YES;
				CLANG_WARN_UNGUARDED_AVAILABILITY = YES_AGGRESSIVE;
				CLANG_WARN_UNREACHABLE_CODE = YES;
				CLANG_WARN__DUPLICATE_METHOD_MATCH = YES;
				COPY_PHASE_STRIP = NO;
				DEBUG_INFORMATION_FORMAT = "dwarf-with-dsym";
				ENABLE_NS_ASSERTIONS = NO;
				ENABLE_STRICT_OBJC_MSGSEND = YES;
				GCC_C_LANGUAGE_STANDARD = gnu11;
				GCC_NO_COMMON_BLOCKS = YES;
				GCC_WARN_64_TO_32_BIT_CONVERSION = YES;
				GCC_WARN_ABOUT_RETURN_TYPE = YES_ERROR;
				GCC_WARN_UNDECLARED_SELECTOR = YES;
				GCC_WARN_UNINITIALIZED_AUTOS = YES_AGGRESSIVE;
				GCC_WARN_UNUSED_FUNCTION = YES;
				GCC_WARN_UNUSED_VARIABLE = YES;
				IPHONEOS_DEPLOYMENT_TARGET = 13.2;
				MTL_ENABLE_DEBUG_INFO = NO;
				MTL_FAST_MATH = YES;
				SDKROOT = iphoneos;
				SWIFT_COMPILATION_MODE = wholemodule;
				SWIFT_OPTIMIZATION_LEVEL = "-O";
				VALIDATE_PRODUCT = YES;
			};
			name = Release;
		};
		DDA9CE88238AA640006C3368 /* Debug */ = {
			isa = XCBuildConfiguration;
			buildSettings = {
				ASSETCATALOG_COMPILER_APPICON_NAME = AppIcon;
				CODE_SIGN_STYLE = Automatic;
				DEVELOPMENT_TEAM = 6D6XU3X587;
				INFOPLIST_FILE = PoscastShow/Utility/Info.plist;
				LD_RUNPATH_SEARCH_PATHS = (
					"$(inherited)",
					"@executable_path/Frameworks",
				);
				PRODUCT_BUNDLE_IDENTIFIER = tkach.igor.PoscastShow;
				PRODUCT_NAME = "$(TARGET_NAME)";
				SWIFT_VERSION = 5.0;
				TARGETED_DEVICE_FAMILY = 1;
			};
			name = Debug;
		};
		DDA9CE89238AA640006C3368 /* Release */ = {
			isa = XCBuildConfiguration;
			buildSettings = {
				ASSETCATALOG_COMPILER_APPICON_NAME = AppIcon;
				CODE_SIGN_STYLE = Automatic;
				DEVELOPMENT_TEAM = 6D6XU3X587;
				INFOPLIST_FILE = PoscastShow/Utility/Info.plist;
				LD_RUNPATH_SEARCH_PATHS = (
					"$(inherited)",
					"@executable_path/Frameworks",
				);
				PRODUCT_BUNDLE_IDENTIFIER = tkach.igor.PoscastShow;
				PRODUCT_NAME = "$(TARGET_NAME)";
				SWIFT_VERSION = 5.0;
				TARGETED_DEVICE_FAMILY = 1;
			};
			name = Release;
		};
/* End XCBuildConfiguration section */

/* Begin XCConfigurationList section */
		DDA9CE6E238AA63B006C3368 /* Build configuration list for PBXProject "PoscastShow" */ = {
			isa = XCConfigurationList;
			buildConfigurations = (
				DDA9CE85238AA640006C3368 /* Debug */,
				DDA9CE86238AA640006C3368 /* Release */,
			);
			defaultConfigurationIsVisible = 0;
			defaultConfigurationName = Release;
		};
		DDA9CE87238AA640006C3368 /* Build configuration list for PBXNativeTarget "PoscastShow" */ = {
			isa = XCConfigurationList;
			buildConfigurations = (
				DDA9CE88238AA640006C3368 /* Debug */,
				DDA9CE89238AA640006C3368 /* Release */,
			);
			defaultConfigurationIsVisible = 0;
			defaultConfigurationName = Release;
		};
/* End XCConfigurationList section */

/* Begin XCRemoteSwiftPackageReference section */
		DD958E4423900A7600A369F7 /* XCRemoteSwiftPackageReference "FeedKit" */ = {
			isa = XCRemoteSwiftPackageReference;
			repositoryURL = "https://github.com/nmdias/FeedKit.git";
			requirement = {
				kind = upToNextMajorVersion;
				minimumVersion = 9.0.0;
			};
		};
		DDA9CE95238AFDE7006C3368 /* XCRemoteSwiftPackageReference "Alamofire" */ = {
			isa = XCRemoteSwiftPackageReference;
			repositoryURL = "https://github.com/Alamofire/Alamofire.git";
			requirement = {
				kind = upToNextMajorVersion;
				minimumVersion = 4.9.1;
			};
		};
		DDA9CEA1238C5D89006C3368 /* XCRemoteSwiftPackageReference "SDWebImage" */ = {
			isa = XCRemoteSwiftPackageReference;
			repositoryURL = "https://github.com/SDWebImage/SDWebImage.git";
			requirement = {
				kind = upToNextMajorVersion;
				minimumVersion = 5.3.2;
			};
		};
/* End XCRemoteSwiftPackageReference section */

/* Begin XCSwiftPackageProductDependency section */
		DD958E4523900A7600A369F7 /* FeedKit */ = {
			isa = XCSwiftPackageProductDependency;
			package = DD958E4423900A7600A369F7 /* XCRemoteSwiftPackageReference "FeedKit" */;
			productName = FeedKit;
		};
		DDA9CE96238AFDE7006C3368 /* Alamofire */ = {
			isa = XCSwiftPackageProductDependency;
			package = DDA9CE95238AFDE7006C3368 /* XCRemoteSwiftPackageReference "Alamofire" */;
			productName = Alamofire;
		};
		DDA9CEA2238C5D89006C3368 /* SDWebImage */ = {
			isa = XCSwiftPackageProductDependency;
			package = DDA9CEA1238C5D89006C3368 /* XCRemoteSwiftPackageReference "SDWebImage" */;
			productName = SDWebImage;
		};
/* End XCSwiftPackageProductDependency section */
	};
	rootObject = DDA9CE6B238AA63B006C3368 /* Project object */;
}
